
Microsoft Visual Studio Solution File, Format Version 12.00
# Visual Studio Version 17
VisualStudioVersion = 17.13.35825.156 d17.13
MinimumVisualStudioVersion = 10.0.40219.1
Project("{FAE04EC0-301F-11D3-BF4B-00C04F79EFBC}") = "Auth_BackgroundService", "Auth_BackgroundService\Auth_BackgroundService.csproj", "{D8B576AE-BA19-4F25-B5FC-02803EF063AB}"
EndProject
Global
	GlobalSection(SolutionConfigurationPlatforms) = preSolution
		Debug|Any CPU = Debug|Any CPU
		Release|Any CPU = Release|Any CPU
	EndGlobalSection
	GlobalSection(ProjectConfigurationPlatforms) = postSolution
		{D8B576AE-BA19-4F25-B5FC-02803EF063AB}.Debug|Any CPU.ActiveCfg = Debug|Any CPU
		{D8B576AE-BA19-4F25-B5FC-02803EF063AB}.Debug|Any CPU.Build.0 = Debug|Any CPU
		{D8B576AE-BA19-4F25-B5FC-02803EF063AB}.Release|Any CPU.ActiveCfg = Release|Any CPU
		{D8B576AE-BA19-4F25-B5FC-02803EF063AB}.Release|Any CPU.Build.0 = Release|Any CPU
	EndGlobalSection
	GlobalSection(SolutionProperties) = preSolution
		HideSolutionNode = FALSE
	EndGlobalSection
	GlobalSection(ExtensibilityGlobals) = postSolution
		SolutionGuid = {3D21576B-2FC4-4120-A6DB-15FE7995B8FF}
	EndGlobalSection
EndGlobal
