
Microsoft Visual Studio Solution File, Format Version 12.00
# Visual Studio Version 17
VisualStudioVersion = 17.13.35825.156
MinimumVisualStudioVersion = 10.0.40219.1
Project("{FAE04EC0-301F-11D3-BF4B-00C04F79EFBC}") = "ClickHouseApi", "ClickHouseApi\ClickHouseApi.csproj", "{19953E3B-58AE-1E17-0EC3-83FF26506DCB}"
EndProject
Project("{FAE04EC0-301F-11D3-BF4B-00C04F79EFBC}") = "ClickHouse", "ClickHouse\ClickHouse.csproj", "{414D494E-D650-4C70-A789-AAC028537BE4}"
EndProject
Project("{FAE04EC0-301F-11D3-BF4B-00C04F79EFBC}") = "Benchmarks", "Benchmarks\Benchmarks.csproj", "{0299A825-44AC-4740-9BC2-4D90C429223D}"
EndProject
Project("{FAE04EC0-301F-11D3-BF4B-00C04F79EFBC}") = "CassandraClient", "CassandraClient\CassandraClient.csproj", "{C4AF9FC0-3D82-BC0F-9744-1A4AD0A3C37A}"
EndProject
Project("{FAE04EC0-301F-11D3-BF4B-00C04F79EFBC}") = "ElasticSearch", "ElasticSearch\ElasticSearch.csproj", "{F5FFE1CC-DA5E-4F07-B884-2FE39B7F71DE}"
EndProject
Global
	GlobalSection(SolutionConfigurationPlatforms) = preSolution
		Debug|Any CPU = Debug|Any CPU
		Release|Any CPU = Release|Any CPU
	EndGlobalSection
	GlobalSection(ProjectConfigurationPlatforms) = postSolution
		{19953E3B-58AE-1E17-0EC3-83FF26506DCB}.Debug|Any CPU.ActiveCfg = Debug|Any CPU
		{19953E3B-58AE-1E17-0EC3-83FF26506DCB}.Debug|Any CPU.Build.0 = Debug|Any CPU
		{19953E3B-58AE-1E17-0EC3-83FF26506DCB}.Release|Any CPU.ActiveCfg = Release|Any CPU
		{19953E3B-58AE-1E17-0EC3-83FF26506DCB}.Release|Any CPU.Build.0 = Release|Any CPU
		{414D494E-D650-4C70-A789-AAC028537BE4}.Debug|Any CPU.ActiveCfg = Debug|Any CPU
		{414D494E-D650-4C70-A789-AAC028537BE4}.Debug|Any CPU.Build.0 = Debug|Any CPU
		{414D494E-D650-4C70-A789-AAC028537BE4}.Release|Any CPU.ActiveCfg = Release|Any CPU
		{414D494E-D650-4C70-A789-AAC028537BE4}.Release|Any CPU.Build.0 = Release|Any CPU
		{0299A825-44AC-4740-9BC2-4D90C429223D}.Debug|Any CPU.ActiveCfg = Debug|Any CPU
		{0299A825-44AC-4740-9BC2-4D90C429223D}.Debug|Any CPU.Build.0 = Debug|Any CPU
		{0299A825-44AC-4740-9BC2-4D90C429223D}.Release|Any CPU.ActiveCfg = Release|Any CPU
		{0299A825-44AC-4740-9BC2-4D90C429223D}.Release|Any CPU.Build.0 = Release|Any CPU
		{C4AF9FC0-3D82-BC0F-9744-1A4AD0A3C37A}.Debug|Any CPU.ActiveCfg = Debug|Any CPU
		{C4AF9FC0-3D82-BC0F-9744-1A4AD0A3C37A}.Debug|Any CPU.Build.0 = Debug|Any CPU
		{C4AF9FC0-3D82-BC0F-9744-1A4AD0A3C37A}.Release|Any CPU.ActiveCfg = Release|Any CPU
		{C4AF9FC0-3D82-BC0F-9744-1A4AD0A3C37A}.Release|Any CPU.Build.0 = Release|Any CPU
		{F5FFE1CC-DA5E-4F07-B884-2FE39B7F71DE}.Debug|Any CPU.ActiveCfg = Debug|Any CPU
		{F5FFE1CC-DA5E-4F07-B884-2FE39B7F71DE}.Debug|Any CPU.Build.0 = Debug|Any CPU
		{F5FFE1CC-DA5E-4F07-B884-2FE39B7F71DE}.Release|Any CPU.ActiveCfg = Release|Any CPU
		{F5FFE1CC-DA5E-4F07-B884-2FE39B7F71DE}.Release|Any CPU.Build.0 = Release|Any CPU
	EndGlobalSection
	GlobalSection(SolutionProperties) = preSolution
		HideSolutionNode = FALSE
	EndGlobalSection
	GlobalSection(ExtensibilityGlobals) = postSolution
		SolutionGuid = {425FF831-169E-4C95-A8FF-A122E1167190}
	EndGlobalSection
EndGlobal
